
Microsoft Visual Studio Solution File, Format Version 12.00
# Visual Studio 15
VisualStudioVersion = 15.0.27703.2042
MinimumVisualStudioVersion = 10.0.40219.1
Project("{9A19103F-16F7-4668-BE54-9A1E7A4F7556}") = "multiMatrix", "MultiMatrix\multiMatrix.csproj", "{5A4FA714-5130-4B79-9177-273669B92CB3}"
EndProject
Global
	GlobalSection(SolutionConfigurationPlatforms) = preSolution
		Debug|Any CPU = Debug|Any CPU
		Release|Any CPU = Release|Any CPU
	EndGlobalSection
	GlobalSection(ProjectConfigurationPlatforms) = postSolution
		{5A4FA714-5130-4B79-9177-273669B92CB3}.Debug|Any CPU.ActiveCfg = Debug|Any CPU
		{5A4FA714-5130-4B79-9177-273669B92CB3}.Debug|Any CPU.Build.0 = Debug|Any CPU
		{5A4FA714-5130-4B79-9177-273669B92CB3}.Release|Any CPU.ActiveCfg = Release|Any CPU
		{5A4FA714-5130-4B79-9177-273669B92CB3}.Release|Any CPU.Build.0 = Release|Any CPU
	EndGlobalSection
	GlobalSection(SolutionProperties) = preSolution
		HideSolutionNode = FALSE
	EndGlobalSection
	GlobalSection(ExtensibilityGlobals) = postSolution
		SolutionGuid = {2C94120C-35D0-4E85-B975-2D643DB1BE5E}
	EndGlobalSection
EndGlobal
